// !$*UTF8*$!
{
	archiveVersion = 1;
	classes = {
	};
	objectVersion = 56;
	objects = {

/* Begin PBXBuildFile section */
		3CCE94E32C58359800EE5B8A /* AppDIContainer.swift in Sources */ = {isa = PBXBuildFile; fileRef = 3CCE94E22C58359800EE5B8A /* AppDIContainer.swift */; };
		3CCE94E62C5835BF00EE5B8A /* FirebaseService.swift in Sources */ = {isa = PBXBuildFile; fileRef = 3CCE94E52C5835BF00EE5B8A /* FirebaseService.swift */; };
		3CCE94E82C58360B00EE5B8A /* RealmService.swift in Sources */ = {isa = PBXBuildFile; fileRef = 3CCE94E72C58360B00EE5B8A /* RealmService.swift */; };
		3CCE94ED2C58376600EE5B8A /* RealmSwift in Frameworks */ = {isa = PBXBuildFile; productRef = 3CCE94EC2C58376600EE5B8A /* RealmSwift */; };
		3CCE94F02C5837B700EE5B8A /* RxSwift in Frameworks */ = {isa = PBXBuildFile; productRef = 3CCE94EF2C5837B700EE5B8A /* RxSwift */; };
		3CCE94F42C58380100EE5B8A /* RxBlocking in Frameworks */ = {isa = PBXBuildFile; productRef = 3CCE94F32C58380100EE5B8A /* RxBlocking */; };
		3CCE94F62C58380100EE5B8A /* RxCocoa in Frameworks */ = {isa = PBXBuildFile; productRef = 3CCE94F52C58380100EE5B8A /* RxCocoa */; };
		3CCE94F82C58380100EE5B8A /* RxRelay in Frameworks */ = {isa = PBXBuildFile; productRef = 3CCE94F72C58380100EE5B8A /* RxRelay */; };
		3CCE94FB2C58397A00EE5B8A /* SideBarVC.swift in Sources */ = {isa = PBXBuildFile; fileRef = 3CCE94FA2C58397A00EE5B8A /* SideBarVC.swift */; };
		3CCE94FE2C583BB500EE5B8A /* SettingsVC.swift in Sources */ = {isa = PBXBuildFile; fileRef = 3CCE94FD2C583BB500EE5B8A /* SettingsVC.swift */; };
		3CCE95002C583FC500EE5B8A /* ContainerVC.swift in Sources */ = {isa = PBXBuildFile; fileRef = 3CCE94FF2C583FC500EE5B8A /* ContainerVC.swift */; };
		3CCE95032C5847E500EE5B8A /* RxGesture in Frameworks */ = {isa = PBXBuildFile; productRef = 3CCE95022C5847E500EE5B8A /* RxGesture */; };
		522899652C57C87B0013FF87 /* AppDelegate.swift in Sources */ = {isa = PBXBuildFile; fileRef = 522899642C57C87B0013FF87 /* AppDelegate.swift */; };
		522899672C57C87B0013FF87 /* SceneDelegate.swift in Sources */ = {isa = PBXBuildFile; fileRef = 522899662C57C87B0013FF87 /* SceneDelegate.swift */; };
		522899692C57C87B0013FF87 /* OnboardingVC.swift in Sources */ = {isa = PBXBuildFile; fileRef = 522899682C57C87B0013FF87 /* OnboardingVC.swift */; };
		5228996E2C57C87D0013FF87 /* Assets.xcassets in Resources */ = {isa = PBXBuildFile; fileRef = 5228996D2C57C87D0013FF87 /* Assets.xcassets */; };
		522899712C57C87D0013FF87 /* Base in Resources */ = {isa = PBXBuildFile; fileRef = 522899702C57C87D0013FF87 /* Base */; };
		5228997E2C57D3450013FF87 /* SnapKit in Frameworks */ = {isa = PBXBuildFile; productRef = 5228997D2C57D3450013FF87 /* SnapKit */; };
		522899832C57D4290013FF87 /* Kingfisher in Frameworks */ = {isa = PBXBuildFile; productRef = 522899822C57D4290013FF87 /* Kingfisher */; };
		522899882C57DC290013FF87 /* Font.swift in Sources */ = {isa = PBXBuildFile; fileRef = 522899872C57DC290013FF87 /* Font.swift */; };
		522899912C57DD1D0013FF87 /* SF-Pro-Display-Regular.otf in Resources */ = {isa = PBXBuildFile; fileRef = 522899902C57DD1D0013FF87 /* SF-Pro-Display-Regular.otf */; };
		522899932C57DD260013FF87 /* SF-Pro-Display-Medium.otf in Resources */ = {isa = PBXBuildFile; fileRef = 522899922C57DD260013FF87 /* SF-Pro-Display-Medium.otf */; };
		522899952C57DD2F0013FF87 /* SF-Pro-Display-Bold.otf in Resources */ = {isa = PBXBuildFile; fileRef = 522899942C57DD2F0013FF87 /* SF-Pro-Display-Bold.otf */; };
		522899982C57E6E00013FF87 /* AuthVC.swift in Sources */ = {isa = PBXBuildFile; fileRef = 522899972C57E6E00013FF87 /* AuthVC.swift */; };
		5228999B2C57E6F10013FF87 /* PopularVC.swift in Sources */ = {isa = PBXBuildFile; fileRef = 5228999A2C57E6F10013FF87 /* PopularVC.swift */; };
		5228999E2C57E6FC0013FF87 /* FavoritesVC.swift in Sources */ = {isa = PBXBuildFile; fileRef = 5228999D2C57E6FC0013FF87 /* FavoritesVC.swift */; };
		522899A12C57E70D0013FF87 /* AllStationsVC.swift in Sources */ = {isa = PBXBuildFile; fileRef = 522899A02C57E70D0013FF87 /* AllStationsVC.swift */; };
		522899A42C57E72B0013FF87 /* SearchVC.swift in Sources */ = {isa = PBXBuildFile; fileRef = 522899A32C57E72B0013FF87 /* SearchVC.swift */; };
		522899A72C57E7450013FF87 /* StationDetailsVC.swift in Sources */ = {isa = PBXBuildFile; fileRef = 522899A62C57E7450013FF87 /* StationDetailsVC.swift */; };
		522899AA2C57E7530013FF87 /* ProfileVC.swift in Sources */ = {isa = PBXBuildFile; fileRef = 522899A92C57E7530013FF87 /* ProfileVC.swift */; };
/* End PBXBuildFile section */

/* Begin PBXCopyFilesBuildPhase section */
		3CCE94F22C5837DC00EE5B8A /* Embed Frameworks */ = {
			isa = PBXCopyFilesBuildPhase;
			buildActionMask = 2147483647;
			dstPath = "";
			dstSubfolderSpec = 10;
			files = (
			);
			name = "Embed Frameworks";
			runOnlyForDeploymentPostprocessing = 0;
		};
/* End PBXCopyFilesBuildPhase section */

/* Begin PBXFileReference section */
		3CCE94E22C58359800EE5B8A /* AppDIContainer.swift */ = {isa = PBXFileReference; lastKnownFileType = sourcecode.swift; path = AppDIContainer.swift; sourceTree = "<group>"; };
		3CCE94E52C5835BF00EE5B8A /* FirebaseService.swift */ = {isa = PBXFileReference; lastKnownFileType = sourcecode.swift; path = FirebaseService.swift; sourceTree = "<group>"; };
		3CCE94E72C58360B00EE5B8A /* RealmService.swift */ = {isa = PBXFileReference; lastKnownFileType = sourcecode.swift; path = RealmService.swift; sourceTree = "<group>"; };
		3CCE94FA2C58397A00EE5B8A /* SideBarVC.swift */ = {isa = PBXFileReference; lastKnownFileType = sourcecode.swift; path = SideBarVC.swift; sourceTree = "<group>"; };
		3CCE94FD2C583BB500EE5B8A /* SettingsVC.swift */ = {isa = PBXFileReference; lastKnownFileType = sourcecode.swift; path = SettingsVC.swift; sourceTree = "<group>"; };
		3CCE94FF2C583FC500EE5B8A /* ContainerVC.swift */ = {isa = PBXFileReference; lastKnownFileType = sourcecode.swift; path = ContainerVC.swift; sourceTree = "<group>"; };
		522899612C57C87B0013FF87 /* RadioApp.app */ = {isa = PBXFileReference; explicitFileType = wrapper.application; includeInIndex = 0; path = RadioApp.app; sourceTree = BUILT_PRODUCTS_DIR; };
		522899642C57C87B0013FF87 /* AppDelegate.swift */ = {isa = PBXFileReference; lastKnownFileType = sourcecode.swift; path = AppDelegate.swift; sourceTree = "<group>"; };
		522899662C57C87B0013FF87 /* SceneDelegate.swift */ = {isa = PBXFileReference; lastKnownFileType = sourcecode.swift; path = SceneDelegate.swift; sourceTree = "<group>"; };
		522899682C57C87B0013FF87 /* OnboardingVC.swift */ = {isa = PBXFileReference; lastKnownFileType = sourcecode.swift; path = OnboardingVC.swift; sourceTree = "<group>"; };
		5228996D2C57C87D0013FF87 /* Assets.xcassets */ = {isa = PBXFileReference; lastKnownFileType = folder.assetcatalog; path = Assets.xcassets; sourceTree = "<group>"; };
		522899702C57C87D0013FF87 /* Base */ = {isa = PBXFileReference; lastKnownFileType = file.storyboard; name = Base; path = Base.lproj/LaunchScreen.storyboard; sourceTree = "<group>"; };
		522899722C57C87D0013FF87 /* Info.plist */ = {isa = PBXFileReference; lastKnownFileType = text.plist.xml; path = Info.plist; sourceTree = "<group>"; };
		522899872C57DC290013FF87 /* Font.swift */ = {isa = PBXFileReference; lastKnownFileType = sourcecode.swift; path = Font.swift; sourceTree = "<group>"; };
		522899902C57DD1D0013FF87 /* SF-Pro-Display-Regular.otf */ = {isa = PBXFileReference; lastKnownFileType = file; path = "SF-Pro-Display-Regular.otf"; sourceTree = "<group>"; };
		522899922C57DD260013FF87 /* SF-Pro-Display-Medium.otf */ = {isa = PBXFileReference; lastKnownFileType = file; path = "SF-Pro-Display-Medium.otf"; sourceTree = "<group>"; };
		522899942C57DD2F0013FF87 /* SF-Pro-Display-Bold.otf */ = {isa = PBXFileReference; lastKnownFileType = file; path = "SF-Pro-Display-Bold.otf"; sourceTree = "<group>"; };
		522899972C57E6E00013FF87 /* AuthVC.swift */ = {isa = PBXFileReference; lastKnownFileType = sourcecode.swift; path = AuthVC.swift; sourceTree = "<group>"; };
		5228999A2C57E6F10013FF87 /* PopularVC.swift */ = {isa = PBXFileReference; lastKnownFileType = sourcecode.swift; path = PopularVC.swift; sourceTree = "<group>"; };
		5228999D2C57E6FC0013FF87 /* FavoritesVC.swift */ = {isa = PBXFileReference; lastKnownFileType = sourcecode.swift; path = FavoritesVC.swift; sourceTree = "<group>"; };
		522899A02C57E70D0013FF87 /* AllStationsVC.swift */ = {isa = PBXFileReference; lastKnownFileType = sourcecode.swift; path = AllStationsVC.swift; sourceTree = "<group>"; };
		522899A32C57E72B0013FF87 /* SearchVC.swift */ = {isa = PBXFileReference; lastKnownFileType = sourcecode.swift; path = SearchVC.swift; sourceTree = "<group>"; };
		522899A62C57E7450013FF87 /* StationDetailsVC.swift */ = {isa = PBXFileReference; lastKnownFileType = sourcecode.swift; path = StationDetailsVC.swift; sourceTree = "<group>"; };
		522899A92C57E7530013FF87 /* ProfileVC.swift */ = {isa = PBXFileReference; lastKnownFileType = sourcecode.swift; path = ProfileVC.swift; sourceTree = "<group>"; };
/* End PBXFileReference section */

/* Begin PBXFrameworksBuildPhase section */
		5228995E2C57C87B0013FF87 /* Frameworks */ = {
			isa = PBXFrameworksBuildPhase;
			buildActionMask = 2147483647;
			files = (
				3CCE94F62C58380100EE5B8A /* RxCocoa in Frameworks */,
				522899832C57D4290013FF87 /* Kingfisher in Frameworks */,
				3CCE95032C5847E500EE5B8A /* RxGesture in Frameworks */,
				3CCE94F82C58380100EE5B8A /* RxRelay in Frameworks */,
				5228997E2C57D3450013FF87 /* SnapKit in Frameworks */,
				3CCE94F02C5837B700EE5B8A /* RxSwift in Frameworks */,
				3CCE94ED2C58376600EE5B8A /* RealmSwift in Frameworks */,
				3CCE94F42C58380100EE5B8A /* RxBlocking in Frameworks */,
			);
			runOnlyForDeploymentPostprocessing = 0;
		};
/* End PBXFrameworksBuildPhase section */

/* Begin PBXGroup section */
		3CCE94E12C58358900EE5B8A /* AppDIContainer */ = {
			isa = PBXGroup;
			children = (
				3CCE94E22C58359800EE5B8A /* AppDIContainer.swift */,
			);
			path = AppDIContainer;
			sourceTree = "<group>";
		};
		3CCE94E42C5835AF00EE5B8A /* Services */ = {
			isa = PBXGroup;
			children = (
				3CCE94E52C5835BF00EE5B8A /* FirebaseService.swift */,
				3CCE94E72C58360B00EE5B8A /* RealmService.swift */,
			);
			path = Services;
			sourceTree = "<group>";
		};
		3CCE94EE2C5837B700EE5B8A /* Frameworks */ = {
			isa = PBXGroup;
			children = (
			);
			name = Frameworks;
			sourceTree = "<group>";
		};
		3CCE94F92C58395B00EE5B8A /* SideBarModule */ = {
			isa = PBXGroup;
			children = (
				3CCE94FA2C58397A00EE5B8A /* SideBarVC.swift */,
				3CCE94FF2C583FC500EE5B8A /* ContainerVC.swift */,
			);
			path = SideBarModule;
			sourceTree = "<group>";
		};
		3CCE94FC2C583AA100EE5B8A /* SettingsModule */ = {
			isa = PBXGroup;
			children = (
				522899A82C57E74C0013FF87 /* ProfileScreen */,
				3CCE94FD2C583BB500EE5B8A /* SettingsVC.swift */,
			);
			path = SettingsModule;
			sourceTree = "<group>";
		};
		522899582C57C87B0013FF87 = {
			isa = PBXGroup;
			children = (
				522899632C57C87B0013FF87 /* RadioApp */,
				522899622C57C87B0013FF87 /* Products */,
				3CCE94EE2C5837B700EE5B8A /* Frameworks */,
			);
			sourceTree = "<group>";
		};
		522899622C57C87B0013FF87 /* Products */ = {
			isa = PBXGroup;
			children = (
				522899612C57C87B0013FF87 /* RadioApp.app */,
			);
			name = Products;
			sourceTree = "<group>";
		};
		522899632C57C87B0013FF87 /* RadioApp */ = {
			isa = PBXGroup;
			children = (
				522899782C57C8B10013FF87 /* App */,
				5228997A2C57C8D00013FF87 /* Modules */,
				522899892C57DC510013FF87 /* Helpers */,
				3CCE94E42C5835AF00EE5B8A /* Services */,
				522899792C57C8BE0013FF87 /* Support */,
			);
			path = RadioApp;
			sourceTree = "<group>";
		};
		522899782C57C8B10013FF87 /* App */ = {
			isa = PBXGroup;
			children = (
				3CCE94E12C58358900EE5B8A /* AppDIContainer */,
				522899642C57C87B0013FF87 /* AppDelegate.swift */,
				522899662C57C87B0013FF87 /* SceneDelegate.swift */,
			);
			path = App;
			sourceTree = "<group>";
		};
		522899792C57C8BE0013FF87 /* Support */ = {
			isa = PBXGroup;
			children = (
				5228996D2C57C87D0013FF87 /* Assets.xcassets */,
				5228996F2C57C87D0013FF87 /* LaunchScreen.storyboard */,
				522899722C57C87D0013FF87 /* Info.plist */,
			);
			path = Support;
			sourceTree = "<group>";
		};
		5228997A2C57C8D00013FF87 /* Modules */ = {
			isa = PBXGroup;
			children = (
				5228997B2C57C8D30013FF87 /* Onboarding */,
				522899962C57E6D40013FF87 /* Auth */,
				3CCE94F92C58395B00EE5B8A /* SideBarModule */,
				522899992C57E6E80013FF87 /* PopularModule */,
				5228999C2C57E6F30013FF87 /* FavoritesModule */,
				5228999F2C57E6FF0013FF87 /* AllStationsModule */,
				3CCE94FC2C583AA100EE5B8A /* SettingsModule */,
				522899A52C57E7360013FF87 /* StationDetailsScreen */,
			);
			path = Modules;
			sourceTree = "<group>";
		};
		5228997B2C57C8D30013FF87 /* Onboarding */ = {
			isa = PBXGroup;
			children = (
				522899682C57C87B0013FF87 /* OnboardingVC.swift */,
			);
			path = Onboarding;
			sourceTree = "<group>";
		};
		522899862C57DC230013FF87 /* Font */ = {
			isa = PBXGroup;
			children = (
				522899872C57DC290013FF87 /* Font.swift */,
				522899902C57DD1D0013FF87 /* SF-Pro-Display-Regular.otf */,
				522899922C57DD260013FF87 /* SF-Pro-Display-Medium.otf */,
				522899942C57DD2F0013FF87 /* SF-Pro-Display-Bold.otf */,
			);
			path = Font;
			sourceTree = "<group>";
		};
		522899892C57DC510013FF87 /* Helpers */ = {
			isa = PBXGroup;
			children = (
				522899862C57DC230013FF87 /* Font */,
			);
			path = Helpers;
			sourceTree = "<group>";
		};
		522899962C57E6D40013FF87 /* Auth */ = {
			isa = PBXGroup;
			children = (
				522899972C57E6E00013FF87 /* AuthVC.swift */,
			);
			path = Auth;
			sourceTree = "<group>";
		};
		522899992C57E6E80013FF87 /* PopularModule */ = {
			isa = PBXGroup;
			children = (
				5228999A2C57E6F10013FF87 /* PopularVC.swift */,
			);
			path = PopularModule;
			sourceTree = "<group>";
		};
		5228999C2C57E6F30013FF87 /* FavoritesModule */ = {
			isa = PBXGroup;
			children = (
				5228999D2C57E6FC0013FF87 /* FavoritesVC.swift */,
			);
			path = FavoritesModule;
			sourceTree = "<group>";
		};
		5228999F2C57E6FF0013FF87 /* AllStationsModule */ = {
			isa = PBXGroup;
			children = (
				522899A02C57E70D0013FF87 /* AllStationsVC.swift */,
				522899A22C57E7220013FF87 /* Search */,
			);
			path = AllStationsModule;
			sourceTree = "<group>";
		};
		522899A22C57E7220013FF87 /* Search */ = {
			isa = PBXGroup;
			children = (
				522899A32C57E72B0013FF87 /* SearchVC.swift */,
			);
			path = Search;
			sourceTree = "<group>";
		};
		522899A52C57E7360013FF87 /* StationDetailsScreen */ = {
			isa = PBXGroup;
			children = (
				522899A62C57E7450013FF87 /* StationDetailsVC.swift */,
			);
			path = StationDetailsScreen;
			sourceTree = "<group>";
		};
		522899A82C57E74C0013FF87 /* ProfileScreen */ = {
			isa = PBXGroup;
			children = (
				522899A92C57E7530013FF87 /* ProfileVC.swift */,
			);
			path = ProfileScreen;
			sourceTree = "<group>";
		};
/* End PBXGroup section */

/* Begin PBXNativeTarget section */
		522899602C57C87B0013FF87 /* RadioApp */ = {
			isa = PBXNativeTarget;
			buildConfigurationList = 522899752C57C87D0013FF87 /* Build configuration list for PBXNativeTarget "RadioApp" */;
			buildPhases = (
				5228995D2C57C87B0013FF87 /* Sources */,
				5228995E2C57C87B0013FF87 /* Frameworks */,
				5228995F2C57C87B0013FF87 /* Resources */,
				3CCE94F22C5837DC00EE5B8A /* Embed Frameworks */,
			);
			buildRules = (
			);
			dependencies = (
			);
			name = RadioApp;
			packageProductDependencies = (
				5228997D2C57D3450013FF87 /* SnapKit */,
				522899822C57D4290013FF87 /* Kingfisher */,
				3CCE94EC2C58376600EE5B8A /* RealmSwift */,
				3CCE94EF2C5837B700EE5B8A /* RxSwift */,
				3CCE94F32C58380100EE5B8A /* RxBlocking */,
				3CCE94F52C58380100EE5B8A /* RxCocoa */,
				3CCE94F72C58380100EE5B8A /* RxRelay */,
				3CCE95022C5847E500EE5B8A /* RxGesture */,
			);
			productName = RadioApp;
			productReference = 522899612C57C87B0013FF87 /* RadioApp.app */;
			productType = "com.apple.product-type.application";
		};
/* End PBXNativeTarget section */

/* Begin PBXProject section */
		522899592C57C87B0013FF87 /* Project object */ = {
			isa = PBXProject;
			attributes = {
				BuildIndependentTargetsInParallel = 1;
				LastSwiftUpdateCheck = 1530;
				LastUpgradeCheck = 1530;
				TargetAttributes = {
					522899602C57C87B0013FF87 = {
						CreatedOnToolsVersion = 15.3;
					};
				};
			};
			buildConfigurationList = 5228995C2C57C87B0013FF87 /* Build configuration list for PBXProject "RadioApp" */;
			compatibilityVersion = "Xcode 14.0";
			developmentRegion = en;
			hasScannedForEncodings = 0;
			knownRegions = (
				en,
				Base,
			);
			mainGroup = 522899582C57C87B0013FF87;
			packageReferences = (
				5228997C2C57D3450013FF87 /* XCRemoteSwiftPackageReference "SnapKit" */,
				522899812C57D4290013FF87 /* XCRemoteSwiftPackageReference "Kingfisher" */,
				522899842C57D47C0013FF87 /* XCRemoteSwiftPackageReference "firebase-ios-sdk" */,
				522899852C57D51C0013FF87 /* XCRemoteSwiftPackageReference "RxSwift" */,
				3CCE94E92C58376600EE5B8A /* XCRemoteSwiftPackageReference "realm-swift" */,
				3CCE95012C5847E500EE5B8A /* XCRemoteSwiftPackageReference "RxGesture" */,
			);
			productRefGroup = 522899622C57C87B0013FF87 /* Products */;
			projectDirPath = "";
			projectRoot = "";
			targets = (
				522899602C57C87B0013FF87 /* RadioApp */,
			);
		};
/* End PBXProject section */

/* Begin PBXResourcesBuildPhase section */
		5228995F2C57C87B0013FF87 /* Resources */ = {
			isa = PBXResourcesBuildPhase;
			buildActionMask = 2147483647;
			files = (
				522899932C57DD260013FF87 /* SF-Pro-Display-Medium.otf in Resources */,
				522899952C57DD2F0013FF87 /* SF-Pro-Display-Bold.otf in Resources */,
				5228996E2C57C87D0013FF87 /* Assets.xcassets in Resources */,
				522899912C57DD1D0013FF87 /* SF-Pro-Display-Regular.otf in Resources */,
				522899712C57C87D0013FF87 /* Base in Resources */,
			);
			runOnlyForDeploymentPostprocessing = 0;
		};
/* End PBXResourcesBuildPhase section */

/* Begin PBXSourcesBuildPhase section */
		5228995D2C57C87B0013FF87 /* Sources */ = {
			isa = PBXSourcesBuildPhase;
			buildActionMask = 2147483647;
			files = (
				5228999B2C57E6F10013FF87 /* PopularVC.swift in Sources */,
				522899982C57E6E00013FF87 /* AuthVC.swift in Sources */,
				522899A72C57E7450013FF87 /* StationDetailsVC.swift in Sources */,
				522899882C57DC290013FF87 /* Font.swift in Sources */,
				3CCE95002C583FC500EE5B8A /* ContainerVC.swift in Sources */,
				522899A42C57E72B0013FF87 /* SearchVC.swift in Sources */,
				3CCE94FE2C583BB500EE5B8A /* SettingsVC.swift in Sources */,
				3CCE94FB2C58397A00EE5B8A /* SideBarVC.swift in Sources */,
				522899692C57C87B0013FF87 /* OnboardingVC.swift in Sources */,
				5228999E2C57E6FC0013FF87 /* FavoritesVC.swift in Sources */,
				3CCE94E62C5835BF00EE5B8A /* FirebaseService.swift in Sources */,
				522899A12C57E70D0013FF87 /* AllStationsVC.swift in Sources */,
				3CCE94E82C58360B00EE5B8A /* RealmService.swift in Sources */,
				3CCE94E32C58359800EE5B8A /* AppDIContainer.swift in Sources */,
				522899652C57C87B0013FF87 /* AppDelegate.swift in Sources */,
				522899AA2C57E7530013FF87 /* ProfileVC.swift in Sources */,
				522899672C57C87B0013FF87 /* SceneDelegate.swift in Sources */,
			);
			runOnlyForDeploymentPostprocessing = 0;
		};
/* End PBXSourcesBuildPhase section */

/* Begin PBXVariantGroup section */
		5228996F2C57C87D0013FF87 /* LaunchScreen.storyboard */ = {
			isa = PBXVariantGroup;
			children = (
				522899702C57C87D0013FF87 /* Base */,
			);
			name = LaunchScreen.storyboard;
			sourceTree = "<group>";
		};
/* End PBXVariantGroup section */

/* Begin XCBuildConfiguration section */
		522899732C57C87D0013FF87 /* Debug */ = {
			isa = XCBuildConfiguration;
			buildSettings = {
				ALWAYS_SEARCH_USER_PATHS = NO;
				ASSETCATALOG_COMPILER_GENERATE_SWIFT_ASSET_SYMBOL_EXTENSIONS = YES;
				CLANG_ANALYZER_NONNULL = YES;
				CLANG_ANALYZER_NUMBER_OBJECT_CONVERSION = YES_AGGRESSIVE;
				CLANG_CXX_LANGUAGE_STANDARD = "gnu++20";
				CLANG_ENABLE_MODULES = YES;
				CLANG_ENABLE_OBJC_ARC = YES;
				CLANG_ENABLE_OBJC_WEAK = YES;
				CLANG_WARN_BLOCK_CAPTURE_AUTORELEASING = YES;
				CLANG_WARN_BOOL_CONVERSION = YES;
				CLANG_WARN_COMMA = YES;
				CLANG_WARN_CONSTANT_CONVERSION = YES;
				CLANG_WARN_DEPRECATED_OBJC_IMPLEMENTATIONS = YES;
				CLANG_WARN_DIRECT_OBJC_ISA_USAGE = YES_ERROR;
				CLANG_WARN_DOCUMENTATION_COMMENTS = YES;
				CLANG_WARN_EMPTY_BODY = YES;
				CLANG_WARN_ENUM_CONVERSION = YES;
				CLANG_WARN_INFINITE_RECURSION = YES;
				CLANG_WARN_INT_CONVERSION = YES;
				CLANG_WARN_NON_LITERAL_NULL_CONVERSION = YES;
				CLANG_WARN_OBJC_IMPLICIT_RETAIN_SELF = YES;
				CLANG_WARN_OBJC_LITERAL_CONVERSION = YES;
				CLANG_WARN_OBJC_ROOT_CLASS = YES_ERROR;
				CLANG_WARN_QUOTED_INCLUDE_IN_FRAMEWORK_HEADER = YES;
				CLANG_WARN_RANGE_LOOP_ANALYSIS = YES;
				CLANG_WARN_STRICT_PROTOTYPES = YES;
				CLANG_WARN_SUSPICIOUS_MOVE = YES;
				CLANG_WARN_UNGUARDED_AVAILABILITY = YES_AGGRESSIVE;
				CLANG_WARN_UNREACHABLE_CODE = YES;
				CLANG_WARN__DUPLICATE_METHOD_MATCH = YES;
				COPY_PHASE_STRIP = NO;
				DEBUG_INFORMATION_FORMAT = dwarf;
				ENABLE_STRICT_OBJC_MSGSEND = YES;
				ENABLE_TESTABILITY = YES;
				ENABLE_USER_SCRIPT_SANDBOXING = YES;
				GCC_C_LANGUAGE_STANDARD = gnu17;
				GCC_DYNAMIC_NO_PIC = NO;
				GCC_NO_COMMON_BLOCKS = YES;
				GCC_OPTIMIZATION_LEVEL = 0;
				GCC_PREPROCESSOR_DEFINITIONS = (
					"DEBUG=1",
					"$(inherited)",
				);
				GCC_WARN_64_TO_32_BIT_CONVERSION = YES;
				GCC_WARN_ABOUT_RETURN_TYPE = YES_ERROR;
				GCC_WARN_UNDECLARED_SELECTOR = YES;
				GCC_WARN_UNINITIALIZED_AUTOS = YES_AGGRESSIVE;
				GCC_WARN_UNUSED_FUNCTION = YES;
				GCC_WARN_UNUSED_VARIABLE = YES;
				IPHONEOS_DEPLOYMENT_TARGET = 17.4;
				LOCALIZATION_PREFERS_STRING_CATALOGS = YES;
				MTL_ENABLE_DEBUG_INFO = INCLUDE_SOURCE;
				MTL_FAST_MATH = YES;
				ONLY_ACTIVE_ARCH = YES;
				SDKROOT = iphoneos;
				SWIFT_ACTIVE_COMPILATION_CONDITIONS = "DEBUG $(inherited)";
				SWIFT_OPTIMIZATION_LEVEL = "-Onone";
			};
			name = Debug;
		};
		522899742C57C87D0013FF87 /* Release */ = {
			isa = XCBuildConfiguration;
			buildSettings = {
				ALWAYS_SEARCH_USER_PATHS = NO;
				ASSETCATALOG_COMPILER_GENERATE_SWIFT_ASSET_SYMBOL_EXTENSIONS = YES;
				CLANG_ANALYZER_NONNULL = YES;
				CLANG_ANALYZER_NUMBER_OBJECT_CONVERSION = YES_AGGRESSIVE;
				CLANG_CXX_LANGUAGE_STANDARD = "gnu++20";
				CLANG_ENABLE_MODULES = YES;
				CLANG_ENABLE_OBJC_ARC = YES;
				CLANG_ENABLE_OBJC_WEAK = YES;
				CLANG_WARN_BLOCK_CAPTURE_AUTORELEASING = YES;
				CLANG_WARN_BOOL_CONVERSION = YES;
				CLANG_WARN_COMMA = YES;
				CLANG_WARN_CONSTANT_CONVERSION = YES;
				CLANG_WARN_DEPRECATED_OBJC_IMPLEMENTATIONS = YES;
				CLANG_WARN_DIRECT_OBJC_ISA_USAGE = YES_ERROR;
				CLANG_WARN_DOCUMENTATION_COMMENTS = YES;
				CLANG_WARN_EMPTY_BODY = YES;
				CLANG_WARN_ENUM_CONVERSION = YES;
				CLANG_WARN_INFINITE_RECURSION = YES;
				CLANG_WARN_INT_CONVERSION = YES;
				CLANG_WARN_NON_LITERAL_NULL_CONVERSION = YES;
				CLANG_WARN_OBJC_IMPLICIT_RETAIN_SELF = YES;
				CLANG_WARN_OBJC_LITERAL_CONVERSION = YES;
				CLANG_WARN_OBJC_ROOT_CLASS = YES_ERROR;
				CLANG_WARN_QUOTED_INCLUDE_IN_FRAMEWORK_HEADER = YES;
				CLANG_WARN_RANGE_LOOP_ANALYSIS = YES;
				CLANG_WARN_STRICT_PROTOTYPES = YES;
				CLANG_WARN_SUSPICIOUS_MOVE = YES;
				CLANG_WARN_UNGUARDED_AVAILABILITY = YES_AGGRESSIVE;
				CLANG_WARN_UNREACHABLE_CODE = YES;
				CLANG_WARN__DUPLICATE_METHOD_MATCH = YES;
				COPY_PHASE_STRIP = NO;
				DEBUG_INFORMATION_FORMAT = "dwarf-with-dsym";
				ENABLE_NS_ASSERTIONS = NO;
				ENABLE_STRICT_OBJC_MSGSEND = YES;
				ENABLE_USER_SCRIPT_SANDBOXING = YES;
				GCC_C_LANGUAGE_STANDARD = gnu17;
				GCC_NO_COMMON_BLOCKS = YES;
				GCC_WARN_64_TO_32_BIT_CONVERSION = YES;
				GCC_WARN_ABOUT_RETURN_TYPE = YES_ERROR;
				GCC_WARN_UNDECLARED_SELECTOR = YES;
				GCC_WARN_UNINITIALIZED_AUTOS = YES_AGGRESSIVE;
				GCC_WARN_UNUSED_FUNCTION = YES;
				GCC_WARN_UNUSED_VARIABLE = YES;
				IPHONEOS_DEPLOYMENT_TARGET = 17.4;
				LOCALIZATION_PREFERS_STRING_CATALOGS = YES;
				MTL_ENABLE_DEBUG_INFO = NO;
				MTL_FAST_MATH = YES;
				SDKROOT = iphoneos;
				SWIFT_COMPILATION_MODE = wholemodule;
				VALIDATE_PRODUCT = YES;
			};
			name = Release;
		};
		522899762C57C87D0013FF87 /* Debug */ = {
			isa = XCBuildConfiguration;
			buildSettings = {
				ASSETCATALOG_COMPILER_APPICON_NAME = AppIcon;
				ASSETCATALOG_COMPILER_GLOBAL_ACCENT_COLOR_NAME = AccentColor;
				CODE_SIGN_STYLE = Automatic;
				CURRENT_PROJECT_VERSION = 1;
				DEVELOPMENT_TEAM = 6P3D789X98;
				GENERATE_INFOPLIST_FILE = YES;
				INFOPLIST_FILE = RadioApp/Support/Info.plist;
				INFOPLIST_KEY_UIApplicationSupportsIndirectInputEvents = YES;
				INFOPLIST_KEY_UILaunchStoryboardName = LaunchScreen;
				INFOPLIST_KEY_UISupportedInterfaceOrientations = UIInterfaceOrientationPortrait;
				INFOPLIST_KEY_UISupportedInterfaceOrientations_iPad = "UIInterfaceOrientationLandscapeLeft UIInterfaceOrientationLandscapeRight UIInterfaceOrientationPortrait UIInterfaceOrientationPortraitUpsideDown";
				IPHONEOS_DEPLOYMENT_TARGET = 15.0;
				LD_RUNPATH_SEARCH_PATHS = (
					"$(inherited)",
					"@executable_path/Frameworks",
				);
				MARKETING_VERSION = 1.0;
				PRODUCT_BUNDLE_IDENTIFIER = emazrukho.RadioApp;
				PRODUCT_NAME = "$(TARGET_NAME)";
				SUPPORTED_PLATFORMS = "iphoneos iphonesimulator";
				SUPPORTS_MACCATALYST = NO;
				SUPPORTS_MAC_DESIGNED_FOR_IPHONE_IPAD = NO;
				SUPPORTS_XR_DESIGNED_FOR_IPHONE_IPAD = NO;
				SWIFT_EMIT_LOC_STRINGS = YES;
				SWIFT_VERSION = 5.0;
				TARGETED_DEVICE_FAMILY = 1;
			};
			name = Debug;
		};
		522899772C57C87D0013FF87 /* Release */ = {
			isa = XCBuildConfiguration;
			buildSettings = {
				ASSETCATALOG_COMPILER_APPICON_NAME = AppIcon;
				ASSETCATALOG_COMPILER_GLOBAL_ACCENT_COLOR_NAME = AccentColor;
				CODE_SIGN_STYLE = Automatic;
				CURRENT_PROJECT_VERSION = 1;
				DEVELOPMENT_TEAM = 6P3D789X98;
				GENERATE_INFOPLIST_FILE = YES;
				INFOPLIST_FILE = RadioApp/Support/Info.plist;
				INFOPLIST_KEY_UIApplicationSupportsIndirectInputEvents = YES;
				INFOPLIST_KEY_UILaunchStoryboardName = LaunchScreen;
				INFOPLIST_KEY_UISupportedInterfaceOrientations = UIInterfaceOrientationPortrait;
				INFOPLIST_KEY_UISupportedInterfaceOrientations_iPad = "UIInterfaceOrientationLandscapeLeft UIInterfaceOrientationLandscapeRight UIInterfaceOrientationPortrait UIInterfaceOrientationPortraitUpsideDown";
				IPHONEOS_DEPLOYMENT_TARGET = 15.0;
				LD_RUNPATH_SEARCH_PATHS = (
					"$(inherited)",
					"@executable_path/Frameworks",
				);
				MARKETING_VERSION = 1.0;
				PRODUCT_BUNDLE_IDENTIFIER = emazrukho.RadioApp;
				PRODUCT_NAME = "$(TARGET_NAME)";
				SUPPORTED_PLATFORMS = "iphoneos iphonesimulator";
				SUPPORTS_MACCATALYST = NO;
				SUPPORTS_MAC_DESIGNED_FOR_IPHONE_IPAD = NO;
				SUPPORTS_XR_DESIGNED_FOR_IPHONE_IPAD = NO;
				SWIFT_EMIT_LOC_STRINGS = YES;
				SWIFT_VERSION = 5.0;
				TARGETED_DEVICE_FAMILY = 1;
			};
			name = Release;
		};
/* End XCBuildConfiguration section */

/* Begin XCConfigurationList section */
		5228995C2C57C87B0013FF87 /* Build configuration list for PBXProject "RadioApp" */ = {
			isa = XCConfigurationList;
			buildConfigurations = (
				522899732C57C87D0013FF87 /* Debug */,
				522899742C57C87D0013FF87 /* Release */,
			);
			defaultConfigurationIsVisible = 0;
			defaultConfigurationName = Release;
		};
		522899752C57C87D0013FF87 /* Build configuration list for PBXNativeTarget "RadioApp" */ = {
			isa = XCConfigurationList;
			buildConfigurations = (
				522899762C57C87D0013FF87 /* Debug */,
				522899772C57C87D0013FF87 /* Release */,
			);
			defaultConfigurationIsVisible = 0;
			defaultConfigurationName = Release;
		};
/* End XCConfigurationList section */

/* Begin XCRemoteSwiftPackageReference section */
		3CCE94E92C58376600EE5B8A /* XCRemoteSwiftPackageReference "realm-swift" */ = {
			isa = XCRemoteSwiftPackageReference;
			repositoryURL = "https://github.com/realm/realm-swift.git";
			requirement = {
				branch = master;
				kind = branch;
			};
		};
		3CCE95012C5847E500EE5B8A /* XCRemoteSwiftPackageReference "RxGesture" */ = {
			isa = XCRemoteSwiftPackageReference;
			repositoryURL = "https://github.com/RxSwiftCommunity/RxGesture.git";
			requirement = {
				kind = upToNextMajorVersion;
				minimumVersion = 4.0.4;
			};
		};
		5228997C2C57D3450013FF87 /* XCRemoteSwiftPackageReference "SnapKit" */ = {
			isa = XCRemoteSwiftPackageReference;
			repositoryURL = "https://github.com/SnapKit/SnapKit.git";
			requirement = {
				kind = upToNextMajorVersion;
				minimumVersion = 5.7.1;
			};
		};
		522899812C57D4290013FF87 /* XCRemoteSwiftPackageReference "Kingfisher" */ = {
			isa = XCRemoteSwiftPackageReference;
			repositoryURL = "https://github.com/onevcat/Kingfisher.git";
			requirement = {
				kind = upToNextMajorVersion;
				minimumVersion = 7.12.0;
			};
		};
		522899842C57D47C0013FF87 /* XCRemoteSwiftPackageReference "firebase-ios-sdk" */ = {
			isa = XCRemoteSwiftPackageReference;
			repositoryURL = "https://github.com/firebase/firebase-ios-sdk.git";
			requirement = {
				kind = upToNextMajorVersion;
				minimumVersion = 10.29.0;
			};
		};
		522899852C57D51C0013FF87 /* XCRemoteSwiftPackageReference "RxSwift" */ = {
			isa = XCRemoteSwiftPackageReference;
			repositoryURL = "https://github.com/ReactiveX/RxSwift.git";
			requirement = {
				kind = upToNextMajorVersion;
				minimumVersion = 6.7.1;
			};
		};
/* End XCRemoteSwiftPackageReference section */

/* Begin XCSwiftPackageProductDependency section */
		3CCE94EC2C58376600EE5B8A /* RealmSwift */ = {
			isa = XCSwiftPackageProductDependency;
			package = 3CCE94E92C58376600EE5B8A /* XCRemoteSwiftPackageReference "realm-swift" */;
			productName = RealmSwift;
		};
		3CCE94EF2C5837B700EE5B8A /* RxSwift */ = {
			isa = XCSwiftPackageProductDependency;
			package = 522899852C57D51C0013FF87 /* XCRemoteSwiftPackageReference "RxSwift" */;
			productName = RxSwift;
		};
		3CCE94F32C58380100EE5B8A /* RxBlocking */ = {
			isa = XCSwiftPackageProductDependency;
			package = 522899852C57D51C0013FF87 /* XCRemoteSwiftPackageReference "RxSwift" */;
			productName = RxBlocking;
		};
		3CCE94F52C58380100EE5B8A /* RxCocoa */ = {
			isa = XCSwiftPackageProductDependency;
			package = 522899852C57D51C0013FF87 /* XCRemoteSwiftPackageReference "RxSwift" */;
			productName = RxCocoa;
		};
		3CCE94F72C58380100EE5B8A /* RxRelay */ = {
			isa = XCSwiftPackageProductDependency;
			package = 522899852C57D51C0013FF87 /* XCRemoteSwiftPackageReference "RxSwift" */;
			productName = RxRelay;
		};
		3CCE95022C5847E500EE5B8A /* RxGesture */ = {
			isa = XCSwiftPackageProductDependency;
			package = 3CCE95012C5847E500EE5B8A /* XCRemoteSwiftPackageReference "RxGesture" */;
			productName = RxGesture;
		};
		5228997D2C57D3450013FF87 /* SnapKit */ = {
			isa = XCSwiftPackageProductDependency;
			package = 5228997C2C57D3450013FF87 /* XCRemoteSwiftPackageReference "SnapKit" */;
			productName = SnapKit;
		};
		522899822C57D4290013FF87 /* Kingfisher */ = {
			isa = XCSwiftPackageProductDependency;
			package = 522899812C57D4290013FF87 /* XCRemoteSwiftPackageReference "Kingfisher" */;
			productName = Kingfisher;
		};
/* End XCSwiftPackageProductDependency section */
	};
	rootObject = 522899592C57C87B0013FF87 /* Project object */;
}
